{
  "requires": true,
  "lockfileVersion": 1,
  "dependencies": {
    "aion-web3": {
      "version": "git+https://github.com/aionnetwork/aion_web3.git#c24340bbf0d2839eebb5003c6a8f723bc89387d9",
      "from": "git+https://github.com/aionnetwork/aion_web3.git#avm",
      "requires": {
        "async": "^2.6.1",
        "colors": "^1.3.2",
        "crypto-js": "^3.1.9-1",
        "repl": "^0.1.3",
        "should": "^13.2.3",
        "underscore": "^1.9.1",
        "utf8": "^3.0.0",
        "xhr2": "^0.1.4",
        "xmlhttprequest": "^1.8.0"
      }
    },
    "async": {
      "version": "2.6.1",
      "resolved": "https://registry.npmjs.org/async/-/async-2.6.1.tgz",
      "integrity": "sha512-fNEiL2+AZt6AlAw/29Cr0UDe4sRAHCpEHh54WMz+Bb7QfNcFw4h3loofyJpLeQs4Yx7yuqu/2dLgM5hKOs6HlQ==",
      "requires": {
        "lodash": "^4.17.10"
      }
    },
    "colors": {
      "version": "1.3.3",
      "resolved": "https://registry.npmjs.org/colors/-/colors-1.3.3.tgz",
      "integrity": "sha512-mmGt/1pZqYRjMxB1axhTo16/snVZ5krrKkcmMeVKxzECMMXoCgnvTPp10QgHfcbQZw8Dq2jMNG6je4JlWU0gWg=="
    },
    "crypto-js": {
      "version": "3.1.9-1",
      "resolved": "https://registry.npmjs.org/crypto-js/-/crypto-js-3.1.9-1.tgz",
      "integrity": "sha1-/aGedh/Ad+Af+/3G6f38WeiAbNg="
    },
    "lodash": {
      "version": "4.17.11",
      "resolved": "https://registry.npmjs.org/lodash/-/lodash-4.17.11.tgz",
      "integrity": "sha512-cQKh8igo5QUhZ7lg38DYWAxMvjSAKG0A8wGSVimP07SIUEK2UO+arSRKbRZWtelMtN5V0Hkwh5ryOto/SshYIg=="
    },
    "repl": {
      "version": "0.1.3",
      "resolved": "https://registry.npmjs.org/repl/-/repl-0.1.3.tgz",
      "integrity": "sha1-LwXUKwyItD0FzL2hDtFK7/Vpm2A="
    },
    "should": {
      "version": "13.2.3",
      "resolved": "https://registry.npmjs.org/should/-/should-13.2.3.tgz",
      "integrity": "sha512-ggLesLtu2xp+ZxI+ysJTmNjh2U0TsC+rQ/pfED9bUZZ4DKefP27D+7YJVVTvKsmjLpIi9jAa7itwDGkDDmt1GQ==",
      "requires": {
        "should-equal": "^2.0.0",
        "should-format": "^3.0.3",
        "should-type": "^1.4.0",
        "should-type-adaptors": "^1.0.1",
        "should-util": "^1.0.0"
      }
    },
    "should-equal": {
      "version": "2.0.0",
      "resolved": "https://registry.npmjs.org/should-equal/-/should-equal-2.0.0.tgz",
      "integrity": "sha512-ZP36TMrK9euEuWQYBig9W55WPC7uo37qzAEmbjHz4gfyuXrEUgF8cUvQVO+w+d3OMfPvSRQJ22lSm8MQJ43LTA==",
      "requires": {
        "should-type": "^1.4.0"
      }
    },
    "should-format": {
      "version": "3.0.3",
      "resolved": "https://registry.npmjs.org/should-format/-/should-format-3.0.3.tgz",
      "integrity": "sha1-m/yPdPo5IFxT04w01xcwPidxJPE=",
      "requires": {
        "should-type": "^1.3.0",
        "should-type-adaptors": "^1.0.1"
      }
    },
    "should-type": {
      "version": "1.4.0",
      "resolved": "https://registry.npmjs.org/should-type/-/should-type-1.4.0.tgz",
      "integrity": "sha1-B1bYzoRt/QmEOmlHcZ36DUz/XPM="
    },
    "should-type-adaptors": {
      "version": "1.1.0",
      "resolved": "https://registry.npmjs.org/should-type-adaptors/-/should-type-adaptors-1.1.0.tgz",
      "integrity": "sha512-JA4hdoLnN+kebEp2Vs8eBe9g7uy0zbRo+RMcU0EsNy+R+k049Ki+N5tT5Jagst2g7EAja+euFuoXFCa8vIklfA==",
      "requires": {
        "should-type": "^1.3.0",
        "should-util": "^1.0.0"
      }
    },
    "should-util": {
      "version": "1.0.0",
      "resolved": "https://registry.npmjs.org/should-util/-/should-util-1.0.0.tgz",
      "integrity": "sha1-yYzaN0qmsZDfi6h8mInCtNtiAGM="
    },
    "underscore": {
      "version": "1.9.1",
      "resolved": "https://registry.npmjs.org/underscore/-/underscore-1.9.1.tgz",
      "integrity": "sha512-5/4etnCkd9c8gwgowi5/om/mYO5ajCaOgdzj/oW+0eQV9WxKBDZw5+ycmKmeaTXjInS/W0BzpGLo2xR2aBwZdg=="
    },
    "utf8": {
      "version": "3.0.0",
      "resolved": "https://registry.npmjs.org/utf8/-/utf8-3.0.0.tgz",
      "integrity": "sha512-E8VjFIQ/TyQgp+TZfS6l8yp/xWppSAHzidGiRrqe4bK4XP9pTRyKFgGJpO3SN7zdX4DeomTrwaseCHovfpFcqQ=="
    },
    "xhr2": {
      "version": "0.1.4",
      "resolved": "https://registry.npmjs.org/xhr2/-/xhr2-0.1.4.tgz",
      "integrity": "sha1-f4dliEdxbbUCYyOBL4GMras4el8="
    },
    "xmlhttprequest": {
      "version": "1.8.0",
      "resolved": "https://registry.npmjs.org/xmlhttprequest/-/xmlhttprequest-1.8.0.tgz",
      "integrity": "sha1-Z/4HXFwk/vOfnWX197f+dRcZaPw="
    }
  }
}
